
Microsoft Visual Studio Solution File, Format Version 12.00
# Visual Studio Version 17
VisualStudioVersion = 17.10.35027.167
MinimumVisualStudioVersion = 10.0.40219.1
Project("{FAE04EC0-301F-11D3-BF4B-00C04F79EFBC}") = "Project_2_Form_Material_design", "Project_2_Form_Material_design.csproj", "{5023EA86-54E7-47AA-AE45-ADC9295EC73B}"
EndProject
Global
	GlobalSection(SolutionConfigurationPlatforms) = preSolution
		Debug|Any CPU = Debug|Any CPU
		Release|Any CPU = Release|Any CPU
	EndGlobalSection
	GlobalSection(ProjectConfigurationPlatforms) = postSolution
		{5023EA86-54E7-47AA-AE45-ADC9295EC73B}.Debug|Any CPU.ActiveCfg = Debug|Any CPU
		{5023EA86-54E7-47AA-AE45-ADC9295EC73B}.Debug|Any CPU.Build.0 = Debug|Any CPU
		{5023EA86-54E7-47AA-AE45-ADC9295EC73B}.Release|Any CPU.ActiveCfg = Release|Any CPU
		{5023EA86-54E7-47AA-AE45-ADC9295EC73B}.Release|Any CPU.Build.0 = Release|Any CPU
	EndGlobalSection
	GlobalSection(SolutionProperties) = preSolution
		HideSolutionNode = FALSE
	EndGlobalSection
	GlobalSection(ExtensibilityGlobals) = postSolution
		SolutionGuid = {D56ADB45-5C94-4FDC-BE56-06840222EB7F}
	EndGlobalSection
EndGlobal
